PODS:
  - mars (10.0.4-rc.1):
    - mars/app (= 10.0.4-rc.1)
    - mars/baseevent (= 10.0.4-rc.1)
    - mars/comm (= 10.0.4-rc.1)
    - mars/log (= 10.0.4-rc.1)
    - mars/sdt (= 10.0.4-rc.1)
    - mars/stn (= 10.0.4-rc.1)
    - mars/xlog (= 10.0.4-rc.1)
  - mars/app (10.0.4-rc.1)
  - mars/baseevent (10.0.4-rc.1)
  - mars/comm (10.0.4-rc.1)
  - mars/log (10.0.4-rc.1)
  - mars/sdt (10.0.4-rc.1)
  - mars/stn (10.0.4-rc.1)
  - mars/xlog (10.0.4-rc.1)

DEPENDENCIES:
  - mars (from `../`)

EXTERNAL SOURCES:
  mars:
    :path: "../"

SPEC CHECKSUMS:
  mars: 4dd73f638c3a67dc2c38cdfb5b67d83003f47e07

PODFILE CHECKSUM: 2199bd5d64124edb45378ff69d3abd5a62e482c8

COCOAPODS: 1.2.1
