PODS:
  - mars (10.0.1-rc.2):
    - mars/app (= 10.0.1-rc.2)
    - mars/baseevent (= 10.0.1-rc.2)
    - mars/comm (= 10.0.1-rc.2)
    - mars/log (= 10.0.1-rc.2)
    - mars/sdt (= 10.0.1-rc.2)
    - mars/stn (= 10.0.1-rc.2)
  - mars/app (10.0.1-rc.2)
  - mars/baseevent (10.0.1-rc.2)
  - mars/comm (10.0.1-rc.2)
  - mars/log (10.0.1-rc.2)
  - mars/sdt (10.0.1-rc.2)
  - mars/stn (10.0.1-rc.2)

DEPENDENCIES:
  - mars (from `../`)

EXTERNAL SOURCES:
  mars:
    :path: "../"

SPEC CHECKSUMS:
  mars: 805ab2a5916e35a7090d4788a42b1874f0493983

PODFILE CHECKSUM: 2199bd5d64124edb45378ff69d3abd5a62e482c8

COCOAPODS: 1.2.1
